{
  "name": "vuepress-blog",
  "version": "1.0.0",
  "lockfileVersion": 1,
  "requires": true,
  "dependencies": {
    "@braintree/sanitize-url": {
      "version": "3.1.0",
      "resolved": "https://registry.nlark.com/@braintree/sanitize-url/download/@braintree/sanitize-url-3.1.0.tgz",
      "integrity": "sha1-j/cdUQU81e5JgeWlAdgKU2JE9/0="
    },
    "@vssue/utils": {
      "version": "1.4.7",
      "resolved": "https://registry.nlark.com/@vssue/utils/download/@vssue/utils-1.4.7.tgz",
      "integrity": "sha1-WKnsJofSYICqBMqxfo+HBJ8TQsM=",
      "requires": {
        "date-fns": "^1.29.0",
        "qs": "^6.6.0"
      }
    },
    "@vssue/vuepress-plugin-vssue": {
      "version": "1.4.8",
      "resolved": "https://registry.nlark.com/@vssue/vuepress-plugin-vssue/download/@vssue/vuepress-plugin-vssue-1.4.8.tgz",
      "integrity": "sha1-N7itozjBIioUPrZIVVNy0pWfRiQ=",
      "requires": {
        "vssue": "^1.4.8"
      }
    },
    "call-bind": {
      "version": "1.0.2",
      "resolved": "https://registry.nlark.com/call-bind/download/call-bind-1.0.2.tgz",
      "integrity": "sha1-sdTonmiBGcPJqQOtMKuy9qkZvjw=",
      "requires": {
        "function-bind": "^1.1.1",
        "get-intrinsic": "^1.0.2"
      }
    },
    "commander": {
      "version": "7.2.0",
      "resolved": "https://registry.npmmirror.com/commander/download/commander-7.2.0.tgz",
      "integrity": "sha512-QrWXB+ZQSVPmIWIhtEO9H+gwHaMGYiF5ChvoJ+K9ZGHG/sVsa6yiesAD1GC/x46sET00Xlwo1u49RVVVzvcSkw=="
    },
    "d3": {
      "version": "7.2.1",
      "resolved": "https://registry.npmmirror.com/d3/download/d3-7.2.1.tgz",
      "integrity": "sha512-E/5sP0aeK6YPXI/+4QlefvBFgmcyR2jYftId0PrYWv4Y/gW3c3thp1XG4rQzF0eUwV9tR1x05X5eWuJ6rQXvew==",
      "requires": {
        "d3-array": "3",
        "d3-axis": "3",
        "d3-brush": "3",
        "d3-chord": "3",
        "d3-color": "3",
        "d3-contour": "3",
        "d3-delaunay": "6",
        "d3-dispatch": "3",
        "d3-drag": "3",
        "d3-dsv": "3",
        "d3-ease": "3",
        "d3-fetch": "3",
        "d3-force": "3",
        "d3-format": "3",
        "d3-geo": "3",
        "d3-hierarchy": "3",
        "d3-interpolate": "3",
        "d3-path": "3",
        "d3-polygon": "3",
        "d3-quadtree": "3",
        "d3-random": "3",
        "d3-scale": "4",
        "d3-scale-chromatic": "3",
        "d3-selection": "3",
        "d3-shape": "3",
        "d3-time": "3",
        "d3-time-format": "4",
        "d3-timer": "3",
        "d3-transition": "3",
        "d3-zoom": "3"
      }
    },
    "d3-array": {
      "version": "3.1.1",
      "resolved": "https://registry.npmmirror.com/d3-array/download/d3-array-3.1.1.tgz",
      "integrity": "sha1-d5frU+rWuQg8daRaaB6T/EG8Row=",
      "requires": {
        "internmap": "1 - 2"
      }
    },
    "d3-axis": {
      "version": "3.0.0",
      "resolved": "https://registry.nlark.com/d3-axis/download/d3-axis-3.0.0.tgz",
      "integrity": "sha1-xCpKE+gTHWN7dF/Clzgkz+r5MyI="
    },
    "d3-brush": {
      "version": "3.0.0",
      "resolved": "https://registry.nlark.com/d3-brush/download/d3-brush-3.0.0.tgz?cache=0&sync_timestamp=1623284272153&other_urls=https%3A%2F%2Fregistry.nlark.com%2Fd3-brush%2Fdownload%2Fd3-brush-3.0.0.tgz",
      "integrity": "sha1-b3Z8Ttjct53n7ePhwPieY+9k0xw=",
      "requires": {
        "d3-dispatch": "1 - 3",
        "d3-drag": "2 - 3",
        "d3-interpolate": "1 - 3",
        "d3-selection": "3",
        "d3-transition": "3"
      }
    },
    "d3-chord": {
      "version": "3.0.1",
      "resolved": "https://registry.nlark.com/d3-chord/download/d3-chord-3.0.1.tgz",
      "integrity": "sha1-0VbWH0hfzoMn5qvzOctB2Mu6aWY=",
      "requires": {
        "d3-path": "1 - 3"
      }
    },
    "d3-collection": {
      "version": "1.0.7",
      "resolved": "https://registry.nlark.com/d3-collection/download/d3-collection-1.0.7.tgz",
      "integrity": "sha1-NJvSqpl32wcQkcExRNXk8WtbMQ4="
    },
    "d3-color": {
      "version": "3.0.1",
      "resolved": "https://registry.nlark.com/d3-color/download/d3-color-3.0.1.tgz",
      "integrity": "sha1-AzFuWVlV0fzTnZ82EK1Bu5AZTQo="
    },
    "d3-contour": {
      "version": "3.0.1",
      "resolved": "https://registry.nlark.com/d3-contour/download/d3-contour-3.0.1.tgz",
      "integrity": "sha1-LGQlXUMFlZnNDbqP5Mw9Uczdm70=",
      "requires": {
        "d3-array": "2 - 3"
      }
    },
    "d3-delaunay": {
      "version": "6.0.2",
      "resolved": "https://registry.nlark.com/d3-delaunay/download/d3-delaunay-6.0.2.tgz",
      "integrity": "sha1-f9NxetDq3i/Jk59CYKz7UD+YTpI=",
      "requires": {
        "delaunator": "5"
      }
    },
    "d3-dispatch": {
      "version": "3.0.1",
      "resolved": "https://registry.nlark.com/d3-dispatch/download/d3-dispatch-3.0.1.tgz",
      "integrity": "sha1-X8dShOnCN1w2yDlBGgz1UMv8TV4="
    },
    "d3-drag": {
      "version": "3.0.0",
      "resolved": "https://registry.nlark.com/d3-drag/download/d3-drag-3.0.0.tgz",
      "integrity": "sha1-mUqunNI8cZ9TteEOOgphCMaWB7o=",
      "requires": {
        "d3-dispatch": "1 - 3",
        "d3-selection": "3"
      }
    },
    "d3-dsv": {
      "version": "3.0.1",
      "resolved": "https://registry.nlark.com/d3-dsv/download/d3-dsv-3.0.1.tgz",
      "integrity": "sha1-xjr5ePTWoNCEpSpnOSK+IWB4m3M=",
      "requires": {
        "commander": "7",
        "iconv-lite": "0.6",
        "rw": "1"
      }
    },
    "d3-ease": {
      "version": "3.0.1",
      "resolved": "https://registry.nlark.com/d3-ease/download/d3-ease-3.0.1.tgz",
      "integrity": "sha1-llisOKIUDVnTRhYPH2ww/aC9EvQ="
    },
    "d3-fetch": {
      "version": "3.0.1",
      "resolved": "https://registry.nlark.com/d3-fetch/download/d3-fetch-3.0.1.tgz",
      "integrity": "sha1-gxQb/5hWoO21443onNz+Y9CmCiI=",
      "requires": {
        "d3-dsv": "1 - 3"
      }
    },
    "d3-force": {
      "version": "3.0.0",
      "resolved": "https://registry.nlark.com/d3-force/download/d3-force-3.0.0.tgz",
      "integrity": "sha1-Piuhph5wiI/j2RlOMNbRTuzhVcQ=",
      "requires": {
        "d3-dispatch": "1 - 3",
        "d3-quadtree": "1 - 3",
        "d3-timer": "1 - 3"
      }
    },
    "d3-format": {
      "version": "3.1.0",
      "resolved": "https://registry.npmmirror.com/d3-format/download/d3-format-3.1.0.tgz",
      "integrity": "sha512-YyUI6AEuY/Wpt8KWLgZHsIU86atmikuoOmCfommt0LYHiQSPjvX2AcFc38PX0CBpr2RCyZhjex+NS/LPOv6YqA=="
    },
    "d3-geo": {
      "version": "3.0.1",
      "resolved": "https://registry.nlark.com/d3-geo/download/d3-geo-3.0.1.tgz",
      "integrity": "sha1-T5I2L9hoXZPjsfrg/ZfciYCx7X4=",
      "requires": {
        "d3-array": "2.5.0 - 3"
      }
    },
    "d3-hierarchy": {
      "version": "3.1.1",
      "resolved": "https://registry.npmmirror.com/d3-hierarchy/download/d3-hierarchy-3.1.1.tgz",
      "integrity": "sha512-LtAIu54UctRmhGKllleflmHalttH3zkfSi4NlKrTAoFKjC+AFBJohsCAdgCBYQwH0F8hIOGY89X1pPqAchlMkA=="
    },
    "d3-interpolate": {
      "version": "3.0.1",
      "resolved": "https://registry.nlark.com/d3-interpolate/download/d3-interpolate-3.0.1.tgz",
      "integrity": "sha1-PEeqWzLFs9+1bvP9Q0IHimMrQA0=",
      "requires": {
        "d3-color": "1 - 3"
      }
    },
    "d3-path": {
      "version": "3.0.1",
      "resolved": "https://registry.nlark.com/d3-path/download/d3-path-3.0.1.tgz",
      "integrity": "sha1-8J3sCq/9dwt5lfGjmRUr+TBSMh4="
    },
    "d3-polygon": {
      "version": "3.0.1",
      "resolved": "https://registry.nlark.com/d3-polygon/download/d3-polygon-3.0.1.tgz",
      "integrity": "sha1-C0XT3RxIopyOBX5hNWk+yAvxY5g="
    },
    "d3-quadtree": {
      "version": "3.0.1",
      "resolved": "https://registry.nlark.com/d3-quadtree/download/d3-quadtree-3.0.1.tgz",
      "integrity": "sha1-bco+i+Kzk8mp1RTau9gKkt7vGk8="
    },
    "d3-random": {
      "version": "3.0.1",
      "resolved": "https://registry.nlark.com/d3-random/download/d3-random-3.0.1.tgz",
      "integrity": "sha1-1JJjeNMz2cC/0eb6AZTTCuuqIPQ="
    },
    "d3-scale": {
      "version": "4.0.2",
      "resolved": "https://registry.npmmirror.com/d3-scale/download/d3-scale-4.0.2.tgz",
      "integrity": "sha1-grOOjo/3CAdk+Nzsd71L45Nok5Y=",
      "requires": {
        "d3-array": "2.10.0 - 3",
        "d3-format": "1 - 3",
        "d3-interpolate": "1.2.0 - 3",
        "d3-time": "2.1.1 - 3",
        "d3-time-format": "2 - 4"
      }
    },
    "d3-scale-chromatic": {
      "version": "3.0.0",
      "resolved": "https://registry.nlark.com/d3-scale-chromatic/download/d3-scale-chromatic-3.0.0.tgz",
      "integrity": "sha1-FbTOuMorsNy20aZB7gPVnDtiN2o=",
      "requires": {
        "d3-color": "1 - 3",
        "d3-interpolate": "1 - 3"
      }
    },
    "d3-selection": {
      "version": "3.0.0",
      "resolved": "https://registry.nlark.com/d3-selection/download/d3-selection-3.0.0.tgz",
      "integrity": "sha1-wlM4IH76csxbm9FFihpBkB8eGzE="
    },
    "d3-shape": {
      "version": "3.0.1",
      "resolved": "https://registry.nlark.com/d3-shape/download/d3-shape-3.0.1.tgz",
      "integrity": "sha1-nM37KP2bDRLy2K7CNM1cSp6ieTE=",
      "requires": {
        "d3-path": "1 - 3"
      }
    },
    "d3-time": {
      "version": "3.0.0",
      "resolved": "https://registry.nlark.com/d3-time/download/d3-time-3.0.0.tgz",
      "integrity": "sha1-ZZcsuYri1JVO9cky6HBAYTNdSXU=",
      "requires": {
        "d3-array": "2 - 3"
      }
    },
    "d3-time-format": {
      "version": "4.1.0",
      "resolved": "https://registry.npmmirror.com/d3-time-format/download/d3-time-format-4.1.0.tgz",
      "integrity": "sha512-dJxPBlzC7NugB2PDLwo9Q8JiTR3M3e4/XANkreKSUxF8vvXKqm1Yfq4Q5dl8budlunRVlUUaDUgFt7eA8D6NLg==",
      "requires": {
        "d3-time": "1 - 3"
      }
    },
    "d3-timer": {
      "version": "3.0.1",
      "resolved": "https://registry.nlark.com/d3-timer/download/d3-timer-3.0.1.tgz",
      "integrity": "sha1-YoTSonCChbGrt+IB7aQ4CvNeY7A="
    },
    "d3-transition": {
      "version": "3.0.1",
      "resolved": "https://registry.nlark.com/d3-transition/download/d3-transition-3.0.1.tgz",
      "integrity": "sha1-aGn93hRIhoB3/dWYkgDLYbKhZF8=",
      "requires": {
        "d3-color": "1 - 3",
        "d3-dispatch": "1 - 3",
        "d3-ease": "1 - 3",
        "d3-interpolate": "1 - 3",
        "d3-timer": "1 - 3"
      }
    },
    "d3-voronoi": {
      "version": "1.1.4",
      "resolved": "https://registry.nlark.com/d3-voronoi/download/d3-voronoi-1.1.4.tgz",
      "integrity": "sha1-3Tx412U9K7NZKErkeGRdlZRMgpc="
    },
    "d3-zoom": {
      "version": "3.0.0",
      "resolved": "https://registry.nlark.com/d3-zoom/download/d3-zoom-3.0.0.tgz?cache=0&sync_timestamp=1623286451294&other_urls=https%3A%2F%2Fregistry.nlark.com%2Fd3-zoom%2Fdownload%2Fd3-zoom-3.0.0.tgz",
      "integrity": "sha1-0T9BZccyF//qpUKVzWlps+eu6PM=",
      "requires": {
        "d3-dispatch": "1 - 3",
        "d3-drag": "2 - 3",
        "d3-interpolate": "1 - 3",
        "d3-selection": "2 - 3",
        "d3-transition": "2 - 3"
      }
    },
    "dagre": {
      "version": "0.8.5",
      "resolved": "https://registry.nlark.com/dagre/download/dagre-0.8.5.tgz",
      "integrity": "sha1-ujCwBV2sErbB/MJHgXRCd30Gr+4=",
      "requires": {
        "graphlib": "^2.1.8",
        "lodash": "^4.17.15"
      }
    },
    "dagre-d3": {
      "version": "0.6.4",
      "resolved": "https://registry.npm.taobao.org/dagre-d3/download/dagre-d3-0.6.4.tgz",
      "integrity": "sha1-ByjVzn8XfKIzffFBzrYPvm7reyk=",
      "requires": {
        "d3": "^5.14",
        "dagre": "^0.8.5",
        "graphlib": "^2.1.8",
        "lodash": "^4.17.15"
      },
      "dependencies": {
        "commander": {
          "version": "2.20.3",
          "resolved": "https://registry.npmmirror.com/commander/download/commander-2.20.3.tgz",
          "integrity": "sha512-GpVkmM8vF2vQUkj2LvZmD35JxeJOLCwJ9cUkugyk2nuhbv3+mJvpLYYt+0+USMxE+oj+ey/lJEnhZw75x/OMcQ=="
        },
        "d3": {
          "version": "5.16.0",
          "resolved": "https://registry.npmmirror.com/d3/download/d3-5.16.0.tgz",
          "integrity": "sha1-nF6NO1ZAPHnU7UL71i9hE/GZyHc=",
          "requires": {
            "d3-array": "1",
            "d3-axis": "1",
            "d3-brush": "1",
            "d3-chord": "1",
            "d3-collection": "1",
            "d3-color": "1",
            "d3-contour": "1",
            "d3-dispatch": "1",
            "d3-drag": "1",
            "d3-dsv": "1",
            "d3-ease": "1",
            "d3-fetch": "1",
            "d3-force": "1",
            "d3-format": "1",
            "d3-geo": "1",
            "d3-hierarchy": "1",
            "d3-interpolate": "1",
            "d3-path": "1",
            "d3-polygon": "1",
            "d3-quadtree": "1",
            "d3-random": "1",
            "d3-scale": "2",
            "d3-scale-chromatic": "1",
            "d3-selection": "1",
            "d3-shape": "1",
            "d3-time": "1",
            "d3-time-format": "2",
            "d3-timer": "1",
            "d3-transition": "1",
            "d3-voronoi": "1",
            "d3-zoom": "1"
          }
        },
        "d3-array": {
          "version": "1.2.4",
          "resolved": "https://registry.npmmirror.com/d3-array/download/d3-array-1.2.4.tgz",
          "integrity": "sha1-Y1zk1e6nWfb2BYY9vPww7cc39x8="
        },
        "d3-axis": {
          "version": "1.0.12",
          "resolved": "https://registry.nlark.com/d3-axis/download/d3-axis-1.0.12.tgz",
          "integrity": "sha1-zfILohDPu0N5WvM3Vohvs2ONqsk="
        },
        "d3-brush": {
          "version": "1.1.6",
          "resolved": "https://registry.nlark.com/d3-brush/download/d3-brush-1.1.6.tgz?cache=0&sync_timestamp=1623284272153&other_urls=https%3A%2F%2Fregistry.nlark.com%2Fd3-brush%2Fdownload%2Fd3-brush-1.1.6.tgz",
          "integrity": "sha1-sKIsc3LKvsEovd35vdwFhZL4nps=",
          "requires": {
            "d3-dispatch": "1",
            "d3-drag": "1",
            "d3-interpolate": "1",
            "d3-selection": "1",
            "d3-transition": "1"
          }
        },
        "d3-chord": {
          "version": "1.0.6",
          "resolved": "https://registry.nlark.com/d3-chord/download/d3-chord-1.0.6.tgz",
          "integrity": "sha1-MJFX4/LbLHUvAoD+3TXyBnzLsV8=",
          "requires": {
            "d3-array": "1",
            "d3-path": "1"
          }
        },
        "d3-color": {
          "version": "1.4.1",
          "resolved": "https://registry.nlark.com/d3-color/download/d3-color-1.4.1.tgz",
          "integrity": "sha1-xSACv4hGraRCTVXZeYL+8m6zvIo="
        },
        "d3-contour": {
          "version": "1.3.2",
          "resolved": "https://registry.nlark.com/d3-contour/download/d3-contour-1.3.2.tgz",
          "integrity": "sha1-ZSqs1QDSJkyzQjzuENtp9vWb6tM=",
          "requires": {
            "d3-array": "^1.1.1"
          }
        },
        "d3-dispatch": {
          "version": "1.0.6",
          "resolved": "https://registry.nlark.com/d3-dispatch/download/d3-dispatch-1.0.6.tgz",
          "integrity": "sha1-ANN7zuTdjNl3Kd2JOgrCnKq6XVg="
        },
        "d3-drag": {
          "version": "1.2.5",
          "resolved": "https://registry.nlark.com/d3-drag/download/d3-drag-1.2.5.tgz",
          "integrity": "sha1-JTf0UazTnTFAZne33HfIL32Yj3A=",
          "requires": {
            "d3-dispatch": "1",
            "d3-selection": "1"
          }
        },
        "d3-dsv": {
          "version": "1.2.0",
          "resolved": "https://registry.nlark.com/d3-dsv/download/d3-dsv-1.2.0.tgz",
          "integrity": "sha1-nV91w6X4q9YR900/WEew1DOLiFw=",
          "requires": {
            "commander": "2",
            "iconv-lite": "0.4",
            "rw": "1"
          }
        },
        "d3-ease": {
          "version": "1.0.7",
          "resolved": "https://registry.nlark.com/d3-ease/download/d3-ease-1.0.7.tgz",
          "integrity": "sha1-moNIkO+LiujFWLL+Vb1X9Zk7heI="
        },
        "d3-fetch": {
          "version": "1.2.0",
          "resolved": "https://registry.nlark.com/d3-fetch/download/d3-fetch-1.2.0.tgz",
          "integrity": "sha1-Fc4uz8QbCSsdtQq9LFUsIxbPf8c=",
          "requires": {
            "d3-dsv": "1"
          }
        },
        "d3-force": {
          "version": "1.2.1",
          "resolved": "https://registry.nlark.com/d3-force/download/d3-force-1.2.1.tgz",
          "integrity": "sha1-/Sml0f8YHJ5/BmnkvXK9sOkU7As=",
          "requires": {
            "d3-collection": "1",
            "d3-dispatch": "1",
            "d3-quadtree": "1",
            "d3-timer": "1"
          }
        },
        "d3-format": {
          "version": "1.4.5",
          "resolved": "https://registry.npmmirror.com/d3-format/download/d3-format-1.4.5.tgz",
          "integrity": "sha1-N08roTIONxfrdKk1bGfa7hen7bQ="
        },
        "d3-geo": {
          "version": "1.12.1",
          "resolved": "https://registry.nlark.com/d3-geo/download/d3-geo-1.12.1.tgz",
          "integrity": "sha1-f8KrdBS3Lln7y9YD6A2a3AKbA18=",
          "requires": {
            "d3-array": "1"
          }
        },
        "d3-hierarchy": {
          "version": "1.1.9",
          "resolved": "https://registry.npmmirror.com/d3-hierarchy/download/d3-hierarchy-1.1.9.tgz",
          "integrity": "sha1-L2vuJMqupD+Nw3VF+gFihVlkeoM="
        },
        "d3-interpolate": {
          "version": "1.4.0",
          "resolved": "https://registry.nlark.com/d3-interpolate/download/d3-interpolate-1.4.0.tgz",
          "integrity": "sha1-Um554tgNqjg/ngwcHH3MDwWD6Yc=",
          "requires": {
            "d3-color": "1"
          }
        },
        "d3-path": {
          "version": "1.0.9",
          "resolved": "https://registry.nlark.com/d3-path/download/d3-path-1.0.9.tgz",
          "integrity": "sha1-SMBQux/owmJJOoyvVSTj6VkXAc8="
        },
        "d3-polygon": {
          "version": "1.0.6",
          "resolved": "https://registry.nlark.com/d3-polygon/download/d3-polygon-1.0.6.tgz",
          "integrity": "sha1-C/jLgYCm3BB/UY3feXXhKrv7044="
        },
        "d3-quadtree": {
          "version": "1.0.7",
          "resolved": "https://registry.nlark.com/d3-quadtree/download/d3-quadtree-1.0.7.tgz",
          "integrity": "sha1-youE33u1N2P+PC8kvUNRN/TlMTU="
        },
        "d3-random": {
          "version": "1.1.2",
          "resolved": "https://registry.nlark.com/d3-random/download/d3-random-1.1.2.tgz",
          "integrity": "sha1-KDO+fBJDYL+eLT/U8zhHz+bKspE="
        },
        "d3-scale": {
          "version": "2.2.2",
          "resolved": "https://registry.npmmirror.com/d3-scale/download/d3-scale-2.2.2.tgz",
          "integrity": "sha1-TogOCydFrKrd0+3iap6Qip4XuB8=",
          "requires": {
            "d3-array": "^1.2.0",
            "d3-collection": "1",
            "d3-format": "1",
            "d3-interpolate": "1",
            "d3-time": "1",
            "d3-time-format": "2"
          }
        },
        "d3-scale-chromatic": {
          "version": "1.5.0",
          "resolved": "https://registry.nlark.com/d3-scale-chromatic/download/d3-scale-chromatic-1.5.0.tgz",
          "integrity": "sha1-VOMz/HghL0ObFGQftVgB3YETWpg=",
          "requires": {
            "d3-color": "1",
            "d3-interpolate": "1"
          }
        },
        "d3-selection": {
          "version": "1.4.2",
          "resolved": "https://registry.nlark.com/d3-selection/download/d3-selection-1.4.2.tgz",
          "integrity": "sha1-3KpJUiwNvzLWwYWK/Ca2CUVVvFw="
        },
        "d3-shape": {
          "version": "1.3.7",
          "resolved": "https://registry.nlark.com/d3-shape/download/d3-shape-1.3.7.tgz",
          "integrity": "sha1-32OAG+B7yYa8VPY3ibT+UCmStdc=",
          "requires": {
            "d3-path": "1"
          }
        },
        "d3-time": {
          "version": "1.1.0",
          "resolved": "https://registry.nlark.com/d3-time/download/d3-time-1.1.0.tgz",
          "integrity": "sha1-seGdMH2unJALflsl/8XcwkmooPE="
        },
        "d3-time-format": {
          "version": "2.3.0",
          "resolved": "https://registry.npmmirror.com/d3-time-format/download/d3-time-format-2.3.0.tgz",
          "integrity": "sha1-EHvcAoZneIqJJLoED68fvM1aeFA=",
          "requires": {
            "d3-time": "1"
          }
        },
        "d3-timer": {
          "version": "1.0.10",
          "resolved": "https://registry.nlark.com/d3-timer/download/d3-timer-1.0.10.tgz",
          "integrity": "sha1-3+dripF0iDGxO22ceT/71QjdneU="
        },
        "d3-transition": {
          "version": "1.3.2",
          "resolved": "https://registry.nlark.com/d3-transition/download/d3-transition-1.3.2.tgz",
          "integrity": "sha1-qY7yFRvo2GAFQ0NMHKgBQK4js5g=",
          "requires": {
            "d3-color": "1",
            "d3-dispatch": "1",
            "d3-ease": "1",
            "d3-interpolate": "1",
            "d3-selection": "^1.1.0",
            "d3-timer": "1"
          }
        },
        "d3-zoom": {
          "version": "1.8.3",
          "resolved": "https://registry.nlark.com/d3-zoom/download/d3-zoom-1.8.3.tgz?cache=0&sync_timestamp=1623286451294&other_urls=https%3A%2F%2Fregistry.nlark.com%2Fd3-zoom%2Fdownload%2Fd3-zoom-1.8.3.tgz",
          "integrity": "sha1-tqPb5zjHdjEhzQW4p3lf/hf0/Ao=",
          "requires": {
            "d3-dispatch": "1",
            "d3-drag": "1",
            "d3-interpolate": "1",
            "d3-selection": "1",
            "d3-transition": "1"
          }
        },
        "iconv-lite": {
          "version": "0.4.24",
          "resolved": "https://registry.nlark.com/iconv-lite/download/iconv-lite-0.4.24.tgz?cache=0&other_urls=https%3A%2F%2Fregistry.nlark.com%2Ficonv-lite%2Fdownload%2Ficonv-lite-0.4.24.tgz",
          "integrity": "sha1-ICK0sl+93CHS9SSXSkdKr+czkIs=",
          "requires": {
            "safer-buffer": ">= 2.1.2 < 3"
          }
        }
      }
    },
    "date-fns": {
      "version": "1.30.1",
      "resolved": "https://registry.npmmirror.com/date-fns/download/date-fns-1.30.1.tgz",
      "integrity": "sha1-LnG/CxGRU9u0zE6I2epaz7UNwFw="
    },
    "delaunator": {
      "version": "5.0.0",
      "resolved": "https://registry.nlark.com/delaunator/download/delaunator-5.0.0.tgz",
      "integrity": "sha1-YPBSsovZHJtFZoUOv3dW7+gh2Bs=",
      "requires": {
        "robust-predicates": "^3.0.0"
      }
    },
    "dompurify": {
      "version": "2.3.4",
      "resolved": "https://registry.npmmirror.com/dompurify/download/dompurify-2.3.4.tgz",
      "integrity": "sha512-6BVcgOAVFXjI0JTjEvZy901Rghm+7fDQOrNIcxB4+gdhj6Kwp6T9VBhBY/AbagKHJocRkDYGd6wvI+p4/10xtQ=="
    },
    "function-bind": {
      "version": "1.1.1",
      "resolved": "https://registry.nlark.com/function-bind/download/function-bind-1.1.1.tgz",
      "integrity": "sha1-pWiZ0+o8m6uHS7l3O3xe3pL0iV0="
    },
    "get-intrinsic": {
      "version": "1.1.1",
      "resolved": "https://registry.nlark.com/get-intrinsic/download/get-intrinsic-1.1.1.tgz",
      "integrity": "sha1-FfWfN2+FXERpY5SPDSTNNje0q8Y=",
      "requires": {
        "function-bind": "^1.1.1",
        "has": "^1.0.3",
        "has-symbols": "^1.0.1"
      }
    },
    "github-markdown-css": {
      "version": "3.0.1",
      "resolved": "https://registry.npmmirror.com/github-markdown-css/download/github-markdown-css-3.0.1.tgz",
      "integrity": "sha1-0I2xBg0uGCAl4NB9VHz+Kv7TAgU="
    },
    "graphlib": {
      "version": "2.1.8",
      "resolved": "https://registry.npm.taobao.org/graphlib/download/graphlib-2.1.8.tgz",
      "integrity": "sha1-V2HUFHN4cAhMkux7XbywWSydNdo=",
      "requires": {
        "lodash": "^4.17.15"
      }
    },
    "has": {
      "version": "1.0.3",
      "resolved": "https://registry.nlark.com/has/download/has-1.0.3.tgz",
      "integrity": "sha1-ci18v8H2qoJB8W3YFOAR4fQeh5Y=",
      "requires": {
        "function-bind": "^1.1.1"
      }
    },
    "has-symbols": {
      "version": "1.0.2",
      "resolved": "https://registry.nlark.com/has-symbols/download/has-symbols-1.0.2.tgz",
      "integrity": "sha1-Fl0wcMADCXUqEjakeTMeOsVvFCM="
    },
    "iconv-lite": {
      "version": "0.6.3",
      "resolved": "https://registry.nlark.com/iconv-lite/download/iconv-lite-0.6.3.tgz?cache=0&other_urls=https%3A%2F%2Fregistry.nlark.com%2Ficonv-lite%2Fdownload%2Ficonv-lite-0.6.3.tgz",
      "integrity": "sha1-pS+AvzjaGVLrXGgXkHGYcaGnJQE=",
      "requires": {
        "safer-buffer": ">= 2.1.2 < 3.0.0"
      }
    },
    "internmap": {
      "version": "2.0.3",
      "resolved": "https://registry.nlark.com/internmap/download/internmap-2.0.3.tgz",
      "integrity": "sha1-ZoXyN1XkPFJOJR0py8lySOMGEAk="
    },
    "khroma": {
      "version": "1.4.1",
      "resolved": "https://registry.nlark.com/khroma/download/khroma-1.4.1.tgz",
      "integrity": "sha1-rWpbapcr78URLOUSmIehqDrywAM="
    },
    "lodash": {
      "version": "4.17.21",
      "resolved": "https://registry.npmmirror.com/lodash/download/lodash-4.17.21.tgz",
      "integrity": "sha512-v2kDEe57lecTulaDIuNTPy3Ry4gLGJ6Z1O3vE1krgXZNrsQ+LFTGHVxVjcXPs17LhbZVGedAJv8XZ1tvj5FvSg=="
    },
    "mermaid": {
      "version": "8.13.7",
      "resolved": "https://registry.npmmirror.com/mermaid/download/mermaid-8.13.7.tgz",
      "integrity": "sha512-uHUrPgFpmhqv7Pk76tnFJafoNt/zmAENZgVmPWZ8zdFfzYEoMrcxVbxhmsNL/jJqhosMnQLB9FVn+GD7vAI+sA==",
      "requires": {
        "@braintree/sanitize-url": "^3.1.0",
        "d3": "^7.0.0",
        "dagre": "^0.8.5",
        "dagre-d3": "^0.6.4",
        "dompurify": "2.3.4",
        "graphlib": "^2.1.8",
        "khroma": "^1.4.1",
        "moment-mini": "^2.24.0",
        "stylis": "^4.0.10"
      }
    },
    "moment": {
      "version": "2.29.1",
      "resolved": "https://registry.npmmirror.com/moment/download/moment-2.29.1.tgz",
      "integrity": "sha512-kHmoybcPV8Sqy59DwNDY3Jefr64lK/by/da0ViFcuA4DH0vQg5Q6Ze5VimxkfQNSC+Mls/Kx53s7TjP1RhFEDQ=="
    },
    "moment-mini": {
      "version": "2.24.0",
      "resolved": "https://registry.npm.taobao.org/moment-mini/download/moment-mini-2.24.0.tgz",
      "integrity": "sha1-+mjZj3/pOuZb8SYvartftpg9jRg="
    },
    "object-inspect": {
      "version": "1.12.0",
      "resolved": "https://registry.npmmirror.com/object-inspect/download/object-inspect-1.12.0.tgz",
      "integrity": "sha512-Ho2z80bVIvJloH+YzRmpZVQe87+qASmBUKZDWgx9cu+KDrX2ZDH/3tMy+gXbZETVGs2M8YdxObOh7XAtim9Y0g=="
    },
    "qs": {
      "version": "6.10.2",
      "resolved": "https://registry.npmmirror.com/qs/download/qs-6.10.2.tgz",
      "integrity": "sha512-mSIdjzqznWgfd4pMii7sHtaYF8rx8861hBO80SraY5GT0XQibWZWJSid0avzHGkDIZLImux2S5mXO0Hfct2QCw==",
      "requires": {
        "side-channel": "^1.0.4"
      }
    },
    "robust-predicates": {
      "version": "3.0.1",
      "resolved": "https://registry.npm.taobao.org/robust-predicates/download/robust-predicates-3.0.1.tgz",
      "integrity": "sha1-7N4HUET38wEYaCvZ+z8SMQlXf5o="
    },
    "rw": {
      "version": "1.3.3",
      "resolved": "https://registry.npmmirror.com/rw/download/rw-1.3.3.tgz",
      "integrity": "sha1-P4Yt+pGrdmsUiF700BEkv9oHT7Q="
    },
    "safer-buffer": {
      "version": "2.1.2",
      "resolved": "https://registry.nlark.com/safer-buffer/download/safer-buffer-2.1.2.tgz",
      "integrity": "sha1-RPoWGwGHuVSd2Eu5GAL5vYOFzWo="
    },
    "side-channel": {
      "version": "1.0.4",
      "resolved": "https://registry.npm.taobao.org/side-channel/download/side-channel-1.0.4.tgz",
      "integrity": "sha1-785cj9wQTudRslxY1CkAEfpeos8=",
      "requires": {
        "call-bind": "^1.0.0",
        "get-intrinsic": "^1.0.2",
        "object-inspect": "^1.9.0"
      }
    },
    "stylis": {
      "version": "4.0.13",
      "resolved": "https://registry.npmmirror.com/stylis/download/stylis-4.0.13.tgz",
      "integrity": "sha512-xGPXiFVl4YED9Jh7Euv2V220mriG9u4B2TA6Ybjc1catrstKD2PpIdU3U0RKpkVBC2EhmL/F0sPCr9vrFTNRag=="
    },
    "vssue": {
      "version": "1.4.8",
      "resolved": "https://registry.nlark.com/vssue/download/vssue-1.4.8.tgz",
      "integrity": "sha1-4N4FnRa/hw3X1yc11xdh3+38/rU=",
      "requires": {
        "@vssue/utils": "^1.4.7",
        "github-markdown-css": "^3.0.1",
        "vue": "^2.6.10",
        "vue-i18n": "^8.11.2",
        "vue-property-decorator": "^8.1.1"
      }
    },
    "vue": {
      "version": "2.6.14",
      "resolved": "https://registry.npmmirror.com/vue/download/vue-2.6.14.tgz",
      "integrity": "sha512-x2284lgYvjOMj3Za7kqzRcUSxBboHqtgRE2zlos1qWaOye5yUmHn42LB1250NJBLRwEcdrB0JRwyPTEPhfQjiQ=="
    },
    "vue-class-component": {
      "version": "7.2.6",
      "resolved": "https://registry.nlark.com/vue-class-component/download/vue-class-component-7.2.6.tgz",
      "integrity": "sha1-hHHgN7jkdi9aRkaG4Z5a/HCFAuQ="
    },
    "vue-i18n": {
      "version": "8.26.8",
      "resolved": "https://registry.npmmirror.com/vue-i18n/download/vue-i18n-8.26.8.tgz",
      "integrity": "sha512-BN2OXolO15AKS95yNF8oOtARibaO6RxyKkAYNV4XpOmL7S4eVZYMIDtyvDv+XGZaiUmBJSH9mdNqzexvGMnK2A=="
    },
    "vue-property-decorator": {
      "version": "8.5.1",
      "resolved": "https://registry.nlark.com/vue-property-decorator/download/vue-property-decorator-8.5.1.tgz",
      "integrity": "sha1-VxqRz40rUH9TfXm/gnWvMYRXL/8=",
      "requires": {
        "vue-class-component": "^7.1.0"
      }
    }
  }
}
